
Microsoft Visual Studio Solution File, Format Version 12.00
# Visual Studio Version 17
VisualStudioVersion = 17.11.35327.3
MinimumVisualStudioVersion = 10.0.40219.1
Project("{FAE04EC0-301F-11D3-BF4B-00C04F79EFBC}") = "WpfVendas", "WpfVendas\WpfVendas.csproj", "{C68D62E0-6AC7-458E-899D-C5DEBE1DCCBF}"
EndProject
Global
	GlobalSection(SolutionConfigurationPlatforms) = preSolution
		Debug|Any CPU = Debug|Any CPU
		Release|Any CPU = Release|Any CPU
	EndGlobalSection
	GlobalSection(ProjectConfigurationPlatforms) = postSolution
		{C68D62E0-6AC7-458E-899D-C5DEBE1DCCBF}.Debug|Any CPU.ActiveCfg = Debug|Any CPU
		{C68D62E0-6AC7-458E-899D-C5DEBE1DCCBF}.Debug|Any CPU.Build.0 = Debug|Any CPU
		{C68D62E0-6AC7-458E-899D-C5DEBE1DCCBF}.Release|Any CPU.ActiveCfg = Release|Any CPU
		{C68D62E0-6AC7-458E-899D-C5DEBE1DCCBF}.Release|Any CPU.Build.0 = Release|Any CPU
	EndGlobalSection
	GlobalSection(SolutionProperties) = preSolution
		HideSolutionNode = FALSE
	EndGlobalSection
	GlobalSection(ExtensibilityGlobals) = postSolution
		SolutionGuid = {6E7E2AC2-E5F2-4388-B322-F45554AC5C2D}
	EndGlobalSection
EndGlobal
